{
  "name": "jq-crossword",
  "version": "0.0.1",
  "lockfileVersion": 1,
  "requires": true,
  "dependencies": {
    "@types/jquery": {
      "version": "3.3.0",
      "resolved": "https://registry.npmjs.org/@types/jquery/-/jquery-3.3.0.tgz",
      "integrity": "sha512-szaKV2OQgwxYTGTY6qd9eeBfGGCaP7n2OGit4JdbOcfGgc9VWjfhMhnu5AVNhIAu8WWDIB36q9dfPVba1fGeIQ==",
      "dev": true
    },
    "@types/jqueryui": {
      "version": "1.12.1",
      "resolved": "https://registry.npmjs.org/@types/jqueryui/-/jqueryui-1.12.1.tgz",
      "integrity": "sha512-aLMCZSEsZJqnE6K1wcTsMojH/MZRaYkoiWbr/NauE96LP3+BzR8ki29wWYkVOunolb95a7hotCtTgzeoTPqb6A==",
      "dev": true,
      "requires": {
        "@types/jquery": "3.3.0"
      }
    },
    "@types/node": {
      "version": "9.3.0",
      "resolved": "https://registry.npmjs.org/@types/node/-/node-9.3.0.tgz",
      "integrity": "sha512-wNBfvNjzsJl4tswIZKXCFQY0lss9nKUyJnG6T94X/eqjRgI2jHZ4evdjhQYBSan/vGtF6XVXPApOmNH2rf0KKw==",
      "dev": true
    },
    "balanced-match": {
      "version": "1.0.0",
      "resolved": "https://registry.npmjs.org/balanced-match/-/balanced-match-1.0.0.tgz",
      "integrity": "sha1-ibTRmasr7kneFk6gK4nORi1xt2c=",
      "dev": true
    },
    "brace-expansion": {
      "version": "1.1.8",
      "resolved": "https://registry.npmjs.org/brace-expansion/-/brace-expansion-1.1.8.tgz",
      "integrity": "sha1-wHshHHyVLsH479Uad+8NHTmQopI=",
      "dev": true,
      "requires": {
        "balanced-match": "1.0.0",
        "concat-map": "0.0.1"
      }
    },
    "commander": {
      "version": "2.13.0",
      "resolved": "https://registry.npmjs.org/commander/-/commander-2.13.0.tgz",
      "integrity": "sha512-MVuS359B+YzaWqjCL/c+22gfryv+mCBPHAv3zyVI2GN8EY6IRP8VwtasXn8jyyhvvq84R4ImN1OKRtcbIasjYA==",
      "dev": true
    },
    "commenting": {
      "version": "1.0.4",
      "resolved": "https://registry.npmjs.org/commenting/-/commenting-1.0.4.tgz",
      "integrity": "sha1-0UCvMmNPy97k1xOWk0wfzawUflA=",
      "dev": true
    },
    "compare-versions": {
      "version": "2.0.1",
      "resolved": "https://registry.npmjs.org/compare-versions/-/compare-versions-2.0.1.tgz",
      "integrity": "sha1-Htwfk2h/2XoyXFn1XkWgfbEGrKY=",
      "dev": true
    },
    "concat-map": {
      "version": "0.0.1",
      "resolved": "https://registry.npmjs.org/concat-map/-/concat-map-0.0.1.tgz",
      "integrity": "sha1-2Klr13/Wjfd5OnMDajug1UBdR3s=",
      "dev": true
    },
    "crossword-definition": {
      "version": "git+https://gitlab.com/davinchi/games/crossword-definition.git#c0e5969364cb814f857003653e6ebe5358ab1b13"
    },
    "estree-walker": {
      "version": "0.2.1",
      "resolved": "https://registry.npmjs.org/estree-walker/-/estree-walker-0.2.1.tgz",
      "integrity": "sha1-va/oCVOD2EFNXcLs9MkXO225QS4=",
      "dev": true
    },
    "jquery": {
      "version": "3.3.1",
      "resolved": "https://registry.npmjs.org/jquery/-/jquery-3.3.1.tgz",
      "integrity": "sha512-Ubldcmxp5np52/ENotGxlLe6aGMvmF4R8S6tZjsP6Knsaxd/xp3Zrh50cG93lR6nPXyUFwzN3ZSOQI0wRJNdGg=="
    },
    "jquery-ui": {
      "version": "1.12.1",
      "resolved": "https://registry.npmjs.org/jquery-ui/-/jquery-ui-1.12.1.tgz",
      "integrity": "sha1-vLQEXI3QU5wTS8FIjN0+dop6nlE="
    },
    "lodash": {
      "version": "4.17.4",
      "resolved": "https://registry.npmjs.org/lodash/-/lodash-4.17.4.tgz",
      "integrity": "sha1-eCA6TRwyiuHYbcpkYONptX9AVa4=",
      "dev": true
    },
    "magic-string": {
      "version": "0.22.4",
      "resolved": "https://registry.npmjs.org/magic-string/-/magic-string-0.22.4.tgz",
      "integrity": "sha512-kxBL06p6iO2qPBHsqGK2b3cRwiRGpnmSuVWNhwHcMX7qJOUr1HvricYP1LZOCdkQBUp0jiWg2d6WJwR3vYgByw==",
      "dev": true,
      "requires": {
        "vlq": "0.2.3"
      }
    },
    "minimatch": {
      "version": "3.0.4",
      "resolved": "https://registry.npmjs.org/minimatch/-/minimatch-3.0.4.tgz",
      "integrity": "sha512-yJHVQEhyqPLUTgt9B83PXu6W3rx4MvvHvSUvToogpwoGDOUQ+yDrR0HRot+yOCdCO7u4hX3pWft6kWBBcqh0UA==",
      "dev": true,
      "requires": {
        "brace-expansion": "1.1.8"
      }
    },
    "mkdirp": {
      "version": "0.5.1",
      "resolved": "https://registry.npmjs.org/mkdirp/-/mkdirp-0.5.1.tgz",
      "integrity": "sha1-MAV0OOrGz3+MR2fzhkjWaX11yQM=",
      "dev": true,
      "requires": {
        "minimist": "0.0.8"
      },
      "dependencies": {
        "minimist": {
          "version": "0.0.8",
          "resolved": "https://registry.npmjs.org/minimist/-/minimist-0.0.8.tgz",
          "integrity": "sha1-hX/Kv8M5fSYluCKCYuhqp6ARsF0=",
          "dev": true
        }
      }
    },
    "moment": {
      "version": "2.18.1",
      "resolved": "https://registry.npmjs.org/moment/-/moment-2.18.1.tgz",
      "integrity": "sha1-w2GT3Tzhwu7SrbfIAtu8d6gbHA8=",
      "dev": true
    },
    "object-assign": {
      "version": "4.1.1",
      "resolved": "https://registry.npmjs.org/object-assign/-/object-assign-4.1.1.tgz",
      "integrity": "sha1-IQmtx5ZYh8/AXLvUQsrIv7s2CGM=",
      "dev": true
    },
    "rollup": {
      "version": "0.55.3",
      "resolved": "https://registry.npmjs.org/rollup/-/rollup-0.55.3.tgz",
      "integrity": "sha512-2TgimJ7pk+XfPT0DmAcOqq9qdXlJ04qKyzyLm1WvPS/E6XdXEXyG5u6L8AsjxOaKoEBlYGliPzo99jxwhn2NYQ==",
      "dev": true
    },
    "rollup-plugin-license": {
      "version": "0.5.0",
      "resolved": "https://registry.npmjs.org/rollup-plugin-license/-/rollup-plugin-license-0.5.0.tgz",
      "integrity": "sha1-XnBzdftY0pV1JToNKOl+QYgmgvc=",
      "dev": true,
      "requires": {
        "commenting": "1.0.4",
        "lodash": "4.17.4",
        "magic-string": "0.22.4",
        "mkdirp": "0.5.1",
        "moment": "2.18.1"
      }
    },
    "rollup-plugin-typescript": {
      "version": "0.8.1",
      "resolved": "https://registry.npmjs.org/rollup-plugin-typescript/-/rollup-plugin-typescript-0.8.1.tgz",
      "integrity": "sha1-L/fuzCHPa7K0P8J+W2iJUs5xkko=",
      "dev": true,
      "requires": {
        "compare-versions": "2.0.1",
        "object-assign": "4.1.1",
        "rollup-pluginutils": "1.5.2",
        "tippex": "2.3.1",
        "typescript": "1.8.10"
      },
      "dependencies": {
        "typescript": {
          "version": "1.8.10",
          "resolved": "https://registry.npmjs.org/typescript/-/typescript-1.8.10.tgz",
          "integrity": "sha1-tHXW4N/wv1DyluXKbvn7tccyDx4=",
          "dev": true
        }
      }
    },
    "rollup-plugin-uglify": {
      "version": "3.0.0",
      "resolved": "https://registry.npmjs.org/rollup-plugin-uglify/-/rollup-plugin-uglify-3.0.0.tgz",
      "integrity": "sha512-dehLu9eRRoV4l09aC+ySntRw1OAfoyKdbk8Nelblj03tHoynkSybqyEpgavemi1LBOH6S1vzI58/mpxkZIe1iQ==",
      "dev": true,
      "requires": {
        "uglify-es": "3.3.9"
      }
    },
    "rollup-pluginutils": {
      "version": "1.5.2",
      "resolved": "https://registry.npmjs.org/rollup-pluginutils/-/rollup-pluginutils-1.5.2.tgz",
      "integrity": "sha1-HhVud4+UtyVb+hs9AXi+j1xVJAg=",
      "dev": true,
      "requires": {
        "estree-walker": "0.2.1",
        "minimatch": "3.0.4"
      }
    },
    "source-map": {
      "version": "0.6.1",
      "resolved": "https://registry.npmjs.org/source-map/-/source-map-0.6.1.tgz",
      "integrity": "sha512-UjgapumWlbMhkBgzT7Ykc5YXUT46F0iKu8SGXq0bcwP5dz/h0Plj6enJqjz1Zbq2l5WaqYnrVbwWOWMyF3F47g==",
      "dev": true
    },
    "tippex": {
      "version": "2.3.1",
      "resolved": "https://registry.npmjs.org/tippex/-/tippex-2.3.1.tgz",
      "integrity": "sha1-ov1bcIfXy/sgyYBqbBYQjCwPr9o=",
      "dev": true
    },
    "typescript": {
      "version": "2.6.2",
      "resolved": "https://registry.npmjs.org/typescript/-/typescript-2.6.2.tgz",
      "integrity": "sha1-PFtv1/beCRQmkCfwPAlGdY92c6Q=",
      "dev": true
    },
    "uglify-es": {
      "version": "3.3.9",
      "resolved": "https://registry.npmjs.org/uglify-es/-/uglify-es-3.3.9.tgz",
      "integrity": "sha512-r+MU0rfv4L/0eeW3xZrd16t4NZfK8Ld4SWVglYBb7ez5uXFWHuVRs6xCTrf1yirs9a4j4Y27nn7SRfO6v67XsQ==",
      "dev": true,
      "requires": {
        "commander": "2.13.0",
        "source-map": "0.6.1"
      }
    },
    "uglify-js": {
      "version": "3.3.8",
      "resolved": "https://registry.npmjs.org/uglify-js/-/uglify-js-3.3.8.tgz",
      "integrity": "sha512-X0jAGtpSZRtd4RhbVNuGHyjZNa/h2MrVkKrR3Ew5iL2MJw6d7FmBke+fhVCALWySv1ygHnjjROG1KI1FAPvddw==",
      "dev": true,
      "requires": {
        "commander": "2.13.0",
        "source-map": "0.6.1"
      }
    },
    "vlq": {
      "version": "0.2.3",
      "resolved": "https://registry.npmjs.org/vlq/-/vlq-0.2.3.tgz",
      "integrity": "sha512-DRibZL6DsNhIgYQ+wNdWDL2SL3bKPlVrRiBqV5yuMm++op8W4kGFtaQfCs4KEJn0wBZcHVHJ3eoywX8983k1ow==",
      "dev": true
    }
  }
}
